
Microsoft Visual Studio Solution File, Format Version 11.00
# Visual Studio 2010
Project("{FAE04EC0-301F-11D3-BF4B-00C04F79EFBC}") = "Box2DNET", "Box2D.NET\Box2DNET.csproj", "{4ECB9A78-8AE1-4FA7-8344-B7A8FFDDD7B7}"
EndProject
Global
	GlobalSection(SolutionConfigurationPlatforms) = preSolution
		Debug|Any CPU = Debug|Any CPU
		Release|Any CPU = Release|Any CPU
	EndGlobalSection
	GlobalSection(ProjectConfigurationPlatforms) = postSolution
		{4ECB9A78-8AE1-4FA7-8344-B7A8FFDDD7B7}.Debug|Any CPU.ActiveCfg = Debug|Any CPU
		{4ECB9A78-8AE1-4FA7-8344-B7A8FFDDD7B7}.Debug|Any CPU.Build.0 = Debug|Any CPU
		{4ECB9A78-8AE1-4FA7-8344-B7A8FFDDD7B7}.Release|Any CPU.ActiveCfg = Release|Any CPU
		{4ECB9A78-8AE1-4FA7-8344-B7A8FFDDD7B7}.Release|Any CPU.Build.0 = Release|Any CPU
	EndGlobalSection
	GlobalSection(SolutionProperties) = preSolution
		HideSolutionNode = FALSE
	EndGlobalSection
EndGlobal
